
Microsoft Visual Studio Solution File, Format Version 12.00
# Visual Studio Version 17
VisualStudioVersion = 17.0.32014.148
MinimumVisualStudioVersion = 10.0.40219.1
Project("{8BC9CEB8-8B4A-11D0-8D11-00A0C91BC942}") = "DirectX_Window", "DirectX_ESP\DirectX_Window.vcxproj", "{D664B47D-059C-4B8A-9E3F-5E0D5FAC111E}"
EndProject
Global
	GlobalSection(SolutionConfigurationPlatforms) = preSolution
		Debug|x64 = Debug|x64
		Debug|x86 = Debug|x86
		Release|x64 = Release|x64
		Release|x86 = Release|x86
	EndGlobalSection
	GlobalSection(ProjectConfigurationPlatforms) = postSolution
		{D664B47D-059C-4B8A-9E3F-5E0D5FAC111E}.Debug|x64.ActiveCfg = Debug|x64
		{D664B47D-059C-4B8A-9E3F-5E0D5FAC111E}.Debug|x64.Build.0 = Debug|x64
		{D664B47D-059C-4B8A-9E3F-5E0D5FAC111E}.Debug|x86.ActiveCfg = Debug|Win32
		{D664B47D-059C-4B8A-9E3F-5E0D5FAC111E}.Debug|x86.Build.0 = Debug|Win32
		{D664B47D-059C-4B8A-9E3F-5E0D5FAC111E}.Release|x64.ActiveCfg = Release|x64
		{D664B47D-059C-4B8A-9E3F-5E0D5FAC111E}.Release|x64.Build.0 = Release|x64
		{D664B47D-059C-4B8A-9E3F-5E0D5FAC111E}.Release|x86.ActiveCfg = Release|Win32
		{D664B47D-059C-4B8A-9E3F-5E0D5FAC111E}.Release|x86.Build.0 = Release|Win32
	EndGlobalSection
	GlobalSection(SolutionProperties) = preSolution
		HideSolutionNode = FALSE
	EndGlobalSection
	GlobalSection(ExtensibilityGlobals) = postSolution
		SolutionGuid = {D20FF1C9-B416-4118-BE08-0AB561046BD9}
	EndGlobalSection
EndGlobal
